
Microsoft Visual Studio Solution File, Format Version 12.00
# Visual Studio 15
VisualStudioVersion = 15.0.28010.2050
MinimumVisualStudioVersion = 10.0.40219.1
Project("{FAE04EC0-301F-11D3-BF4B-00C04F79EFBC}") = "DbFirst", "DbFirst\DbFirst.csproj", "{547B15C6-5471-4AE6-9148-D84D8EFF69D1}"
EndProject
Global
	GlobalSection(SolutionConfigurationPlatforms) = preSolution
		Debug|Any CPU = Debug|Any CPU
		Release|Any CPU = Release|Any CPU
	EndGlobalSection
	GlobalSection(ProjectConfigurationPlatforms) = postSolution
		{547B15C6-5471-4AE6-9148-D84D8EFF69D1}.Debug|Any CPU.ActiveCfg = Debug|Any CPU
		{547B15C6-5471-4AE6-9148-D84D8EFF69D1}.Debug|Any CPU.Build.0 = Debug|Any CPU
		{547B15C6-5471-4AE6-9148-D84D8EFF69D1}.Release|Any CPU.ActiveCfg = Release|Any CPU
		{547B15C6-5471-4AE6-9148-D84D8EFF69D1}.Release|Any CPU.Build.0 = Release|Any CPU
	EndGlobalSection
	GlobalSection(SolutionProperties) = preSolution
		HideSolutionNode = FALSE
	EndGlobalSection
	GlobalSection(ExtensibilityGlobals) = postSolution
		SolutionGuid = {17AD0F6E-4EFF-4F23-B47D-E7C4FCE6B329}
	EndGlobalSection
EndGlobal
