
Microsoft Visual Studio Solution File, Format Version 12.00
# Visual Studio 15
VisualStudioVersion = 15.0.28010.2050
MinimumVisualStudioVersion = 10.0.40219.1
Project("{FAE04EC0-301F-11D3-BF4B-00C04F79EFBC}") = "CodeFirstExistingDatabase", "CodeFirstExistingDatabase\CodeFirstExistingDatabase.csproj", "{5F997B0A-87ED-4F66-8FC3-D1D0DDCF4013}"
EndProject
Global
	GlobalSection(SolutionConfigurationPlatforms) = preSolution
		Debug|Any CPU = Debug|Any CPU
		Release|Any CPU = Release|Any CPU
	EndGlobalSection
	GlobalSection(ProjectConfigurationPlatforms) = postSolution
		{5F997B0A-87ED-4F66-8FC3-D1D0DDCF4013}.Debug|Any CPU.ActiveCfg = Debug|Any CPU
		{5F997B0A-87ED-4F66-8FC3-D1D0DDCF4013}.Debug|Any CPU.Build.0 = Debug|Any CPU
		{5F997B0A-87ED-4F66-8FC3-D1D0DDCF4013}.Release|Any CPU.ActiveCfg = Release|Any CPU
		{5F997B0A-87ED-4F66-8FC3-D1D0DDCF4013}.Release|Any CPU.Build.0 = Release|Any CPU
	EndGlobalSection
	GlobalSection(SolutionProperties) = preSolution
		HideSolutionNode = FALSE
	EndGlobalSection
	GlobalSection(ExtensibilityGlobals) = postSolution
		SolutionGuid = {5925B8C3-9781-4771-9802-37F3DCA32346}
	EndGlobalSection
EndGlobal
