
Microsoft Visual Studio Solution File, Format Version 12.00
# Visual Studio 15
VisualStudioVersion = 15.0.28010.2050
MinimumVisualStudioVersion = 10.0.40219.1
Project("{FAE04EC0-301F-11D3-BF4B-00C04F79EFBC}") = "LinearSystemEquations", "LinearSystemEquations\LinearSystemEquations.csproj", "{B95FBEEC-57FF-44F9-B39B-D487E06FB3D8}"
EndProject
Global
	GlobalSection(SolutionConfigurationPlatforms) = preSolution
		Debug|Any CPU = Debug|Any CPU
		Release|Any CPU = Release|Any CPU
	EndGlobalSection
	GlobalSection(ProjectConfigurationPlatforms) = postSolution
		{B95FBEEC-57FF-44F9-B39B-D487E06FB3D8}.Debug|Any CPU.ActiveCfg = Debug|Any CPU
		{B95FBEEC-57FF-44F9-B39B-D487E06FB3D8}.Debug|Any CPU.Build.0 = Debug|Any CPU
		{B95FBEEC-57FF-44F9-B39B-D487E06FB3D8}.Release|Any CPU.ActiveCfg = Release|Any CPU
		{B95FBEEC-57FF-44F9-B39B-D487E06FB3D8}.Release|Any CPU.Build.0 = Release|Any CPU
	EndGlobalSection
	GlobalSection(SolutionProperties) = preSolution
		HideSolutionNode = FALSE
	EndGlobalSection
	GlobalSection(ExtensibilityGlobals) = postSolution
		SolutionGuid = {3E29DC28-6616-4343-AE37-A343AC4142DD}
	EndGlobalSection
EndGlobal
